
Microsoft Visual Studio Solution File, Format Version 12.00
# Visual Studio Version 17
VisualStudioVersion = 17.3.32929.385
MinimumVisualStudioVersion = 10.0.40219.1
Project("{FAE04EC0-301F-11D3-BF4B-00C04F79EFBC}") = "WebBrowser", "WebBrowser.csproj", "{83AD059C-D9AC-42CE-95F0-EC4A1E40B651}"
EndProject
Global
	GlobalSection(SolutionConfigurationPlatforms) = preSolution
		Debug|Any CPU = Debug|Any CPU
		Release|Any CPU = Release|Any CPU
	EndGlobalSection
	GlobalSection(ProjectConfigurationPlatforms) = postSolution
		{83AD059C-D9AC-42CE-95F0-EC4A1E40B651}.Debug|Any CPU.ActiveCfg = Debug|Any CPU
		{83AD059C-D9AC-42CE-95F0-EC4A1E40B651}.Debug|Any CPU.Build.0 = Debug|Any CPU
		{83AD059C-D9AC-42CE-95F0-EC4A1E40B651}.Release|Any CPU.ActiveCfg = Release|Any CPU
		{83AD059C-D9AC-42CE-95F0-EC4A1E40B651}.Release|Any CPU.Build.0 = Release|Any CPU
	EndGlobalSection
	GlobalSection(SolutionProperties) = preSolution
		HideSolutionNode = FALSE
	EndGlobalSection
	GlobalSection(ExtensibilityGlobals) = postSolution
		SolutionGuid = {5485CAC3-DBC7-4D3D-BCCC-16649B32F499}
	EndGlobalSection
EndGlobal
